{
  "object": {
    "pins": [
      {
        "package": "FocusEntity",
        "repositoryURL": "https://github.com/maxxfrazer/FocusEntity",
        "state": {
          "branch": null,
          "revision": "0c7cfd8b107085244ebfd7a94e99aad60aee5c7b",
          "version": "2.2.3"
        }
      }
    ]
  },
  "version": 1
}
